
Microsoft Visual Studio Solution File, Format Version 12.00
# Visual Studio Version 16
VisualStudioVersion = 16.0.29025.244
MinimumVisualStudioVersion = 10.0.40219.1
Project("{FAE04EC0-301F-11D3-BF4B-00C04F79EFBC}") = "CSharpRandomProgram", "CSharpRandomProgram.csproj", "{27641833-2556-48C5-8ECA-18D835123B90}"
EndProject
Global
	GlobalSection(SolutionConfigurationPlatforms) = preSolution
		Debug|Any CPU = Debug|Any CPU
		Release|Any CPU = Release|Any CPU
	EndGlobalSection
	GlobalSection(ProjectConfigurationPlatforms) = postSolution
		{27641833-2556-48C5-8ECA-18D835123B90}.Debug|Any CPU.ActiveCfg = Debug|Any CPU
		{27641833-2556-48C5-8ECA-18D835123B90}.Debug|Any CPU.Build.0 = Debug|Any CPU
		{27641833-2556-48C5-8ECA-18D835123B90}.Release|Any CPU.ActiveCfg = Release|Any CPU
		{27641833-2556-48C5-8ECA-18D835123B90}.Release|Any CPU.Build.0 = Release|Any CPU
	EndGlobalSection
	GlobalSection(SolutionProperties) = preSolution
		HideSolutionNode = FALSE
	EndGlobalSection
	GlobalSection(ExtensibilityGlobals) = postSolution
		SolutionGuid = {545967BF-680E-40B2-BFEB-2402E62D01D7}
	EndGlobalSection
EndGlobal
